
Microsoft Visual Studio Solution File, Format Version 12.00
# Visual Studio Version 16
VisualStudioVersion = 16.0.33423.256
MinimumVisualStudioVersion = 10.0.40219.1
Project("{F184B08F-C81C-45F6-A57F-5ABD9991F28F}") = "AirBnB", "AirBnB\AirBnB.vbproj", "{08EB6A47-6304-4211-AF41-542EECC904DC}"
EndProject
Global
	GlobalSection(SolutionConfigurationPlatforms) = preSolution
		Debug|Any CPU = Debug|Any CPU
		Release|Any CPU = Release|Any CPU
	EndGlobalSection
	GlobalSection(ProjectConfigurationPlatforms) = postSolution
		{08EB6A47-6304-4211-AF41-542EECC904DC}.Debug|Any CPU.ActiveCfg = Debug|Any CPU
		{08EB6A47-6304-4211-AF41-542EECC904DC}.Debug|Any CPU.Build.0 = Debug|Any CPU
		{08EB6A47-6304-4211-AF41-542EECC904DC}.Release|Any CPU.ActiveCfg = Release|Any CPU
		{08EB6A47-6304-4211-AF41-542EECC904DC}.Release|Any CPU.Build.0 = Release|Any CPU
	EndGlobalSection
	GlobalSection(SolutionProperties) = preSolution
		HideSolutionNode = FALSE
	EndGlobalSection
	GlobalSection(ExtensibilityGlobals) = postSolution
		SolutionGuid = {8EB8C546-E19A-4371-B7D3-6BC8E27DB015}
	EndGlobalSection
EndGlobal
